
Microsoft Visual Studio Solution File, Format Version 12.00
# Visual Studio Version 17
VisualStudioVersion = 17.9.34622.214
MinimumVisualStudioVersion = 10.0.40219.1
Project("{FAE04EC0-301F-11D3-BF4B-00C04F79EFBC}") = "explo", "explo.csproj", "{1115D7AA-EBAF-4569-95C8-C86D944C1B21}"
EndProject
Global
	GlobalSection(SolutionConfigurationPlatforms) = preSolution
		Debug|Any CPU = Debug|Any CPU
		Release|Any CPU = Release|Any CPU
	EndGlobalSection
	GlobalSection(ProjectConfigurationPlatforms) = postSolution
		{1115D7AA-EBAF-4569-95C8-C86D944C1B21}.Debug|Any CPU.ActiveCfg = Debug|Any CPU
		{1115D7AA-EBAF-4569-95C8-C86D944C1B21}.Debug|Any CPU.Build.0 = Debug|Any CPU
		{1115D7AA-EBAF-4569-95C8-C86D944C1B21}.Release|Any CPU.ActiveCfg = Release|Any CPU
		{1115D7AA-EBAF-4569-95C8-C86D944C1B21}.Release|Any CPU.Build.0 = Release|Any CPU
	EndGlobalSection
	GlobalSection(SolutionProperties) = preSolution
		HideSolutionNode = FALSE
	EndGlobalSection
	GlobalSection(ExtensibilityGlobals) = postSolution
		SolutionGuid = {9C8C9B22-BFA4-44AE-8858-49035D555C3F}
	EndGlobalSection
EndGlobal
